
Microsoft Visual Studio Solution File, Format Version 12.00
# Visual Studio Version 17
VisualStudioVersion = 17.14.36705.20 d17.14
MinimumVisualStudioVersion = 10.0.40219.1
Project("{FAE04EC0-301F-11D3-BF4B-00C04F79EFBC}") = "CafeConsole", "CafeConsole\CafeConsole.csproj", "{D1C08559-9807-4927-9FF4-5829404D24EF}"
EndProject
Project("{FAE04EC0-301F-11D3-BF4B-00C04F79EFBC}") = "Cafe.Domain", "Cafe.Domain\Cafe.Domain.csproj", "{3810E079-5BCC-4E77-B5BB-CA4245AF12B8}"
EndProject
Project("{FAE04EC0-301F-11D3-BF4B-00C04F79EFBC}") = "Cafe.Infrastructure", "Cafe.Infrastructure\Cafe.Infrastructure.csproj", "{5C30EEA6-88BD-4EFC-80EF-BBBEF00237C3}"
EndProject
Project("{FAE04EC0-301F-11D3-BF4B-00C04F79EFBC}") = "Cafe.Application", "Cafe.Application\Cafe.Application.csproj", "{FD14920F-6F10-4BB9-9ED7-3DAE95D6ACBD}"
EndProject
Global
	GlobalSection(SolutionConfigurationPlatforms) = preSolution
		Debug|Any CPU = Debug|Any CPU
		Release|Any CPU = Release|Any CPU
	EndGlobalSection
	GlobalSection(ProjectConfigurationPlatforms) = postSolution
		{D1C08559-9807-4927-9FF4-5829404D24EF}.Debug|Any CPU.ActiveCfg = Debug|Any CPU
		{D1C08559-9807-4927-9FF4-5829404D24EF}.Debug|Any CPU.Build.0 = Debug|Any CPU
		{D1C08559-9807-4927-9FF4-5829404D24EF}.Release|Any CPU.ActiveCfg = Release|Any CPU
		{D1C08559-9807-4927-9FF4-5829404D24EF}.Release|Any CPU.Build.0 = Release|Any CPU
		{3810E079-5BCC-4E77-B5BB-CA4245AF12B8}.Debug|Any CPU.ActiveCfg = Debug|Any CPU
		{3810E079-5BCC-4E77-B5BB-CA4245AF12B8}.Debug|Any CPU.Build.0 = Debug|Any CPU
		{3810E079-5BCC-4E77-B5BB-CA4245AF12B8}.Release|Any CPU.ActiveCfg = Release|Any CPU
		{3810E079-5BCC-4E77-B5BB-CA4245AF12B8}.Release|Any CPU.Build.0 = Release|Any CPU
		{5C30EEA6-88BD-4EFC-80EF-BBBEF00237C3}.Debug|Any CPU.ActiveCfg = Debug|Any CPU
		{5C30EEA6-88BD-4EFC-80EF-BBBEF00237C3}.Debug|Any CPU.Build.0 = Debug|Any CPU
		{5C30EEA6-88BD-4EFC-80EF-BBBEF00237C3}.Release|Any CPU.ActiveCfg = Release|Any CPU
		{5C30EEA6-88BD-4EFC-80EF-BBBEF00237C3}.Release|Any CPU.Build.0 = Release|Any CPU
		{FD14920F-6F10-4BB9-9ED7-3DAE95D6ACBD}.Debug|Any CPU.ActiveCfg = Debug|Any CPU
		{FD14920F-6F10-4BB9-9ED7-3DAE95D6ACBD}.Debug|Any CPU.Build.0 = Debug|Any CPU
		{FD14920F-6F10-4BB9-9ED7-3DAE95D6ACBD}.Release|Any CPU.ActiveCfg = Release|Any CPU
		{FD14920F-6F10-4BB9-9ED7-3DAE95D6ACBD}.Release|Any CPU.Build.0 = Release|Any CPU
	EndGlobalSection
	GlobalSection(SolutionProperties) = preSolution
		HideSolutionNode = FALSE
	EndGlobalSection
	GlobalSection(ExtensibilityGlobals) = postSolution
		SolutionGuid = {184DD571-092B-4137-8A30-0BB5254F7EBA}
	EndGlobalSection
EndGlobal
